
Microsoft Visual Studio Solution File, Format Version 12.00
# Visual Studio Version 17
VisualStudioVersion = 17.2.32526.322
MinimumVisualStudioVersion = 10.0.40219.1
Project("{9A19103F-16F7-4668-BE54-9A1E7A4F7556}") = "ArdLibrary", "ArdLibrary\ArdLibrary.csproj", "{548718B6-7E6E-4F0D-A2F4-5399B499EDFE}"
EndProject
Project("{FAE04EC0-301F-11D3-BF4B-00C04F79EFBC}") = "LibraryApp", "LibraryApp\LibraryApp.csproj", "{60E31260-208A-4ABB-8C2B-79B8F76EC0CA}"
EndProject
Global
	GlobalSection(SolutionConfigurationPlatforms) = preSolution
		Debug|Any CPU = Debug|Any CPU
		Release|Any CPU = Release|Any CPU
	EndGlobalSection
	GlobalSection(ProjectConfigurationPlatforms) = postSolution
		{548718B6-7E6E-4F0D-A2F4-5399B499EDFE}.Debug|Any CPU.ActiveCfg = Debug|Any CPU
		{548718B6-7E6E-4F0D-A2F4-5399B499EDFE}.Debug|Any CPU.Build.0 = Debug|Any CPU
		{548718B6-7E6E-4F0D-A2F4-5399B499EDFE}.Release|Any CPU.ActiveCfg = Release|Any CPU
		{548718B6-7E6E-4F0D-A2F4-5399B499EDFE}.Release|Any CPU.Build.0 = Release|Any CPU
		{60E31260-208A-4ABB-8C2B-79B8F76EC0CA}.Debug|Any CPU.ActiveCfg = Debug|Any CPU
		{60E31260-208A-4ABB-8C2B-79B8F76EC0CA}.Debug|Any CPU.Build.0 = Debug|Any CPU
		{60E31260-208A-4ABB-8C2B-79B8F76EC0CA}.Release|Any CPU.ActiveCfg = Release|Any CPU
		{60E31260-208A-4ABB-8C2B-79B8F76EC0CA}.Release|Any CPU.Build.0 = Release|Any CPU
	EndGlobalSection
	GlobalSection(SolutionProperties) = preSolution
		HideSolutionNode = FALSE
	EndGlobalSection
	GlobalSection(ExtensibilityGlobals) = postSolution
		SolutionGuid = {75B48EC7-1D1C-454E-94BD-6CABC0C20233}
	EndGlobalSection
EndGlobal
